
Microsoft Visual Studio Solution File, Format Version 12.00
# Visual Studio Express 2013 for Windows Desktop
VisualStudioVersion = 12.0.30110.0
MinimumVisualStudioVersion = 10.0.40219.1
Project("{8BC9CEB8-8B4A-11D0-8D11-00A0C91BC942}") = "lists", "lists\lists.vcxproj", "{E6ABE117-5D31-4F48-A553-B11B6EE715F4}"
EndProject
Project("{8BC9CEB8-8B4A-11D0-8D11-00A0C91BC942}") = "trees", "trees\trees.vcxproj", "{83481CB9-49A0-4B71-BCCF-1D2B7DBF1DA2}"
EndProject
Project("{8BC9CEB8-8B4A-11D0-8D11-00A0C91BC942}") = "queues_and_stacks", "queues_and_stacks\queues_and_stacks.vcxproj", "{E4AC58CC-AAC3-4726-97B2-75E82AECD1B9}"
EndProject
Project("{8BC9CEB8-8B4A-11D0-8D11-00A0C91BC942}") = "heaps", "heaps\heaps.vcxproj", "{6D4E7B05-D2DF-4581-8A47-16E81FFDC1E4}"
EndProject
Project("{8BC9CEB8-8B4A-11D0-8D11-00A0C91BC942}") = "hashtables", "hashtables\hashtables.vcxproj", "{8837CD7F-52E4-4337-9632-678B353C75BF}"
EndProject
Project("{8BC9CEB8-8B4A-11D0-8D11-00A0C91BC942}") = "binary_search", "binary_search\binary_search.vcxproj", "{7B94CE74-A615-4884-9EBB-B55672AB5C22}"
EndProject
Project("{8BC9CEB8-8B4A-11D0-8D11-00A0C91BC942}") = "graphical_search", "graphical_search\graphical_search.vcxproj", "{04B1E782-6C55-4039-A427-491218D5BFB5}"
EndProject
Project("{8BC9CEB8-8B4A-11D0-8D11-00A0C91BC942}") = "selection", "selection\selection.vcxproj", "{17B4B8F2-3A2C-4347-A5AA-EE652625FA27}"
EndProject
Project("{8BC9CEB8-8B4A-11D0-8D11-00A0C91BC942}") = "sorting", "sorting\sorting.vcxproj", "{8AB05522-176A-4CE2-B249-1C57042D0EB3}"
EndProject
Project("{8BC9CEB8-8B4A-11D0-8D11-00A0C91BC942}") = "bit_twiddling", "bit_twiddling\bit_twiddling.vcxproj", "{99BA1361-D0FE-4DA7-9346-C57C0E3CC8CC}"
EndProject
Project("{8BC9CEB8-8B4A-11D0-8D11-00A0C91BC942}") = "big_integer_arithmetic", "big_integer_arithmetic\big_integer_arithmetic.vcxproj", "{1118A00F-3DC8-4C0E-B665-FCA3BA226E82}"
EndProject
Project("{8BC9CEB8-8B4A-11D0-8D11-00A0C91BC942}") = "Fibonacci", "Fibonacci\Fibonacci.vcxproj", "{85B49E0A-E329-48B4-9DD3-0B9AF5A22D70}"
EndProject
Project("{8BC9CEB8-8B4A-11D0-8D11-00A0C91BC942}") = "primality_testing", "primality_testing\primality_testing.vcxproj", "{A98A95D1-27FD-45B4-BDB2-51D29DEE8350}"
EndProject
Project("{8BC9CEB8-8B4A-11D0-8D11-00A0C91BC942}") = "powers_and_roots", "powers_and_roots\powers_and_roots.vcxproj", "{8733F5D5-C3E5-48DF-A91A-8BBC2CE4F469}"
EndProject
Project("{8BC9CEB8-8B4A-11D0-8D11-00A0C91BC942}") = "geometric_distance", "geometric_distance\geometric_distance.vcxproj", "{E37E97E5-1D07-4559-AD58-5920CB637859}"
EndProject
Global
	GlobalSection(SolutionConfigurationPlatforms) = preSolution
		Debug|Win32 = Debug|Win32
		Release|Win32 = Release|Win32
	EndGlobalSection
	GlobalSection(ProjectConfigurationPlatforms) = postSolution
		{E6ABE117-5D31-4F48-A553-B11B6EE715F4}.Debug|Win32.ActiveCfg = Debug|Win32
		{E6ABE117-5D31-4F48-A553-B11B6EE715F4}.Debug|Win32.Build.0 = Debug|Win32
		{E6ABE117-5D31-4F48-A553-B11B6EE715F4}.Release|Win32.ActiveCfg = Release|Win32
		{E6ABE117-5D31-4F48-A553-B11B6EE715F4}.Release|Win32.Build.0 = Release|Win32
		{83481CB9-49A0-4B71-BCCF-1D2B7DBF1DA2}.Debug|Win32.ActiveCfg = Debug|Win32
		{83481CB9-49A0-4B71-BCCF-1D2B7DBF1DA2}.Debug|Win32.Build.0 = Debug|Win32
		{83481CB9-49A0-4B71-BCCF-1D2B7DBF1DA2}.Release|Win32.ActiveCfg = Release|Win32
		{83481CB9-49A0-4B71-BCCF-1D2B7DBF1DA2}.Release|Win32.Build.0 = Release|Win32
		{E4AC58CC-AAC3-4726-97B2-75E82AECD1B9}.Debug|Win32.ActiveCfg = Debug|Win32
		{E4AC58CC-AAC3-4726-97B2-75E82AECD1B9}.Debug|Win32.Build.0 = Debug|Win32
		{E4AC58CC-AAC3-4726-97B2-75E82AECD1B9}.Release|Win32.ActiveCfg = Release|Win32
		{E4AC58CC-AAC3-4726-97B2-75E82AECD1B9}.Release|Win32.Build.0 = Release|Win32
		{6D4E7B05-D2DF-4581-8A47-16E81FFDC1E4}.Debug|Win32.ActiveCfg = Debug|Win32
		{6D4E7B05-D2DF-4581-8A47-16E81FFDC1E4}.Debug|Win32.Build.0 = Debug|Win32
		{6D4E7B05-D2DF-4581-8A47-16E81FFDC1E4}.Release|Win32.ActiveCfg = Release|Win32
		{6D4E7B05-D2DF-4581-8A47-16E81FFDC1E4}.Release|Win32.Build.0 = Release|Win32
		{8837CD7F-52E4-4337-9632-678B353C75BF}.Debug|Win32.ActiveCfg = Debug|Win32
		{8837CD7F-52E4-4337-9632-678B353C75BF}.Debug|Win32.Build.0 = Debug|Win32
		{8837CD7F-52E4-4337-9632-678B353C75BF}.Release|Win32.ActiveCfg = Release|Win32
		{8837CD7F-52E4-4337-9632-678B353C75BF}.Release|Win32.Build.0 = Release|Win32
		{7B94CE74-A615-4884-9EBB-B55672AB5C22}.Debug|Win32.ActiveCfg = Debug|Win32
		{7B94CE74-A615-4884-9EBB-B55672AB5C22}.Debug|Win32.Build.0 = Debug|Win32
		{7B94CE74-A615-4884-9EBB-B55672AB5C22}.Release|Win32.ActiveCfg = Release|Win32
		{7B94CE74-A615-4884-9EBB-B55672AB5C22}.Release|Win32.Build.0 = Release|Win32
		{04B1E782-6C55-4039-A427-491218D5BFB5}.Debug|Win32.ActiveCfg = Debug|Win32
		{04B1E782-6C55-4039-A427-491218D5BFB5}.Debug|Win32.Build.0 = Debug|Win32
		{04B1E782-6C55-4039-A427-491218D5BFB5}.Release|Win32.ActiveCfg = Release|Win32
		{04B1E782-6C55-4039-A427-491218D5BFB5}.Release|Win32.Build.0 = Release|Win32
		{17B4B8F2-3A2C-4347-A5AA-EE652625FA27}.Debug|Win32.ActiveCfg = Debug|Win32
		{17B4B8F2-3A2C-4347-A5AA-EE652625FA27}.Debug|Win32.Build.0 = Debug|Win32
		{17B4B8F2-3A2C-4347-A5AA-EE652625FA27}.Release|Win32.ActiveCfg = Release|Win32
		{17B4B8F2-3A2C-4347-A5AA-EE652625FA27}.Release|Win32.Build.0 = Release|Win32
		{8AB05522-176A-4CE2-B249-1C57042D0EB3}.Debug|Win32.ActiveCfg = Debug|Win32
		{8AB05522-176A-4CE2-B249-1C57042D0EB3}.Debug|Win32.Build.0 = Debug|Win32
		{8AB05522-176A-4CE2-B249-1C57042D0EB3}.Release|Win32.ActiveCfg = Release|Win32
		{8AB05522-176A-4CE2-B249-1C57042D0EB3}.Release|Win32.Build.0 = Release|Win32
		{99BA1361-D0FE-4DA7-9346-C57C0E3CC8CC}.Debug|Win32.ActiveCfg = Debug|Win32
		{99BA1361-D0FE-4DA7-9346-C57C0E3CC8CC}.Debug|Win32.Build.0 = Debug|Win32
		{99BA1361-D0FE-4DA7-9346-C57C0E3CC8CC}.Release|Win32.ActiveCfg = Release|Win32
		{99BA1361-D0FE-4DA7-9346-C57C0E3CC8CC}.Release|Win32.Build.0 = Release|Win32
		{1118A00F-3DC8-4C0E-B665-FCA3BA226E82}.Debug|Win32.ActiveCfg = Debug|Win32
		{1118A00F-3DC8-4C0E-B665-FCA3BA226E82}.Debug|Win32.Build.0 = Debug|Win32
		{1118A00F-3DC8-4C0E-B665-FCA3BA226E82}.Release|Win32.ActiveCfg = Release|Win32
		{1118A00F-3DC8-4C0E-B665-FCA3BA226E82}.Release|Win32.Build.0 = Release|Win32
		{85B49E0A-E329-48B4-9DD3-0B9AF5A22D70}.Debug|Win32.ActiveCfg = Debug|Win32
		{85B49E0A-E329-48B4-9DD3-0B9AF5A22D70}.Debug|Win32.Build.0 = Debug|Win32
		{85B49E0A-E329-48B4-9DD3-0B9AF5A22D70}.Release|Win32.ActiveCfg = Release|Win32
		{85B49E0A-E329-48B4-9DD3-0B9AF5A22D70}.Release|Win32.Build.0 = Release|Win32
		{A98A95D1-27FD-45B4-BDB2-51D29DEE8350}.Debug|Win32.ActiveCfg = Debug|Win32
		{A98A95D1-27FD-45B4-BDB2-51D29DEE8350}.Debug|Win32.Build.0 = Debug|Win32
		{A98A95D1-27FD-45B4-BDB2-51D29DEE8350}.Release|Win32.ActiveCfg = Release|Win32
		{A98A95D1-27FD-45B4-BDB2-51D29DEE8350}.Release|Win32.Build.0 = Release|Win32
		{8733F5D5-C3E5-48DF-A91A-8BBC2CE4F469}.Debug|Win32.ActiveCfg = Debug|Win32
		{8733F5D5-C3E5-48DF-A91A-8BBC2CE4F469}.Debug|Win32.Build.0 = Debug|Win32
		{8733F5D5-C3E5-48DF-A91A-8BBC2CE4F469}.Release|Win32.ActiveCfg = Release|Win32
		{8733F5D5-C3E5-48DF-A91A-8BBC2CE4F469}.Release|Win32.Build.0 = Release|Win32
		{E37E97E5-1D07-4559-AD58-5920CB637859}.Debug|Win32.ActiveCfg = Debug|Win32
		{E37E97E5-1D07-4559-AD58-5920CB637859}.Debug|Win32.Build.0 = Debug|Win32
		{E37E97E5-1D07-4559-AD58-5920CB637859}.Release|Win32.ActiveCfg = Release|Win32
		{E37E97E5-1D07-4559-AD58-5920CB637859}.Release|Win32.Build.0 = Release|Win32
	EndGlobalSection
	GlobalSection(SolutionProperties) = preSolution
		HideSolutionNode = FALSE
	EndGlobalSection
EndGlobal
